<?xml version="1.0"?>
<plist version="1.0">
	<dict>
		<key>archiveVersion</key>
		<string>1</string>
		<key>classes</key>
		<dict />
		<key>objectVersion</key>
		<string>46</string>
		<key>objects</key>
		<dict>
			<key>2C171637C399A50881F147E9</key>
			<dict>
				<key>children</key>
				<array>
					<string>804628AE2F90C86CA6DA48E4</string>
				</array>
				<key>isa</key>
				<string>PBXGroup</string>
				<key>name</key>
				<string>libusb-1.0</string>
				<key>sourceTree</key>
				<string>&lt;group&gt;</string>
			</dict>
			<key>1AE6862ED862CA18468E0CCD</key>
			<dict>
				<key>children</key>
				<array>
					<string>2C171637C399A50881F147E9</string>
				</array>
				<key>isa</key>
				<string>PBXGroup</string>
				<key>name</key>
				<string>include</string>
				<key>sourceTree</key>
				<string>&lt;group&gt;</string>
			</dict>
			<key>65726280742CD54BF368BDB8</key>
			<dict>
				<key>children</key>
				<array>
					<string>1AE6862ED862CA18468E0CCD</string>
				</array>
				<key>isa</key>
				<string>PBXGroup</string>
				<key>name</key>
				<string>libusb-1.0</string>
				<key>sourceTree</key>
				<string>&lt;group&gt;</string>
			</dict>
			<key>804628AE2F90C86CA6DA48E4</key>
			<dict>
				<key>explicitFileType</key>
				<string>sourcecode.c.h</string>
				<key>fileEncoding</key>
				<string>30</string>
				<key>isa</key>
				<string>PBXFileReference</string>
				<key>name</key>
				<string>libusb.h</string>
				<key>path</key>
				<string>../../Documents/of_v0.9.8_osx_release/addons/ofxKinect/libs/libusb-1.0/include/libusb-1.0/libusb.h</string>
				<key>sourceTree</key>
				<string>SOURCE_ROOT</string>
			</dict>
			<key>DCBDAF513D96324F42855F84</key>
			<dict>
				<key>explicitFileType</key>
				<string>sourcecode.c.h</string>
				<key>fileEncoding</key>
				<string>30</string>
				<key>isa</key>
				<string>PBXFileReference</string>
				<key>name</key>
				<string>usb_libusb10.h</string>
				<key>path</key>
				<string>../../Documents/of_v0.9.8_osx_release/addons/ofxKinect/libs/libfreenect/src/usb_libusb10.h</string>
				<key>sourceTree</key>
				<string>SOURCE_ROOT</string>
			</dict>
			<key>3E722E0C59F7D034C6553A7B</key>
			<dict>
				<key>fileRef</key>
				<string>602EE149568F5C36270FB211</string>
				<key>isa</key>
				<string>PBXBuildFile</string>
			</dict>
			<key>602EE149568F5C36270FB211</key>
			<dict>
				<key>explicitFileType</key>
				<string>sourcecode.c.c</string>
				<key>fileEncoding</key>
				<string>30</string>
				<key>isa</key>
				<string>PBXFileReference</string>
				<key>name</key>
				<string>usb_libusb10.c</string>
				<key>path</key>
				<string>../../Documents/of_v0.9.8_osx_release/addons/ofxKinect/libs/libfreenect/src/usb_libusb10.c</string>
				<key>sourceTree</key>
				<string>SOURCE_ROOT</string>
			</dict>
			<key>988FDF2A4CD7769A06B8A005</key>
			<dict>
				<key>fileRef</key>
				<string>80902C6591EE336D812A21DD</string>
				<key>isa</key>
				<string>PBXBuildFile</string>
			</dict>
			<key>80902C6591EE336D812A21DD</key>
			<dict>
				<key>explicitFileType</key>
				<string>sourcecode.c.c</string>
				<key>fileEncoding</key>
				<string>30</string>
				<key>isa</key>
				<string>PBXFileReference</string>
				<key>name</key>
				<string>tilt.c</string>
				<key>path</key>
				<string>../../Documents/of_v0.9.8_osx_release/addons/ofxKinect/libs/libfreenect/src/tilt.c</string>
				<key>sourceTree</key>
				<string>SOURCE_ROOT</string>
			</dict>
			<key>7B1F47E51B42EF652B7E4D0C</key>
			<dict>
				<key>explicitFileType</key>
				<string>sourcecode.c.h</string>
				<key>fileEncoding</key>
				<string>30</string>
				<key>isa</key>
				<string>PBXFileReference</string>
				<key>name</key>
				<string>registration.h</string>
				<key>path</key>
				<string>../../Documents/of_v0.9.8_osx_release/addons/ofxKinect/libs/libfreenect/src/registration.h</string>
				<key>sourceTree</key>
				<string>SOURCE_ROOT</string>
			</dict>
			<key>D0CDB3F8E4880DCA6A448C7C</key>
			<dict>
				<key>fileRef</key>
				<string>70DD0F1E7E55A2A3169D59C8</string>
				<key>isa</key>
				<string>PBXBuildFile</string>
			</dict>
			<key>70DD0F1E7E55A2A3169D59C8</key>
			<dict>
				<key>explicitFileType</key>
				<string>sourcecode.c.c</string>
				<key>fileEncoding</key>
				<string>30</string>
				<key>isa</key>
				<string>PBXFileReference</string>
				<key>name</key>
				<string>registration.c</string>
				<key>path</key>
				<string>../../Documents/of_v0.9.8_osx_release/addons/ofxKinect/libs/libfreenect/src/registration.c</string>
				<key>sourceTree</key>
				<string>SOURCE_ROOT</string>
			</dict>
			<key>20F44ECC671A8F957BD57CDF</key>
			<dict>
				<key>explicitFileType</key>
				<string>sourcecode.c.h</string>
				<key>fileEncoding</key>
				<string>30</string>
				<key>isa</key>
				<string>PBXFileReference</string>
				<key>name</key>
				<string>loader.h</string>
				<key>path</key>
				<string>../../Documents/of_v0.9.8_osx_release/addons/ofxKinect/libs/libfreenect/src/loader.h</string>
				<key>sourceTree</key>
				<string>SOURCE_ROOT</string>
			</dict>
			<key>54D155597222751017D56EFE</key>
			<dict>
				<key>fileRef</key>
				<string>DA7C2C67A03B57D03620BA43</string>
				<key>isa</key>
				<string>PBXBuildFile</string>
			</dict>
			<key>DA7C2C67A03B57D03620BA43</key>
			<dict>
				<key>explicitFileType</key>
				<string>sourcecode.c.c</string>
				<key>fileEncoding</key>
				<string>30</string>
				<key>isa</key>
				<string>PBXFileReference</string>
				<key>name</key>
				<string>loader.c</string>
				<key>path</key>
				<string>../../Documents/of_v0.9.8_osx_release/addons/ofxKinect/libs/libfreenect/src/loader.c</string>
				<key>sourceTree</key>
				<string>SOURCE_ROOT</string>
			</dict>
			<key>DDA835906D07DE3BDEB474D6</key>
			<dict>
				<key>explicitFileType</key>
				<string>sourcecode.c.h</string>
				<key>fileEncoding</key>
				<string>30</string>
				<key>isa</key>
				<string>PBXFileReference</string>
				<key>name</key>
				<string>keep_alive.h</string>
				<key>path</key>
				<string>../../Documents/of_v0.9.8_osx_release/addons/ofxKinect/libs/libfreenect/src/keep_alive.h</string>
				<key>sourceTree</key>
				<string>SOURCE_ROOT</string>
			</dict>
			<key>3DA33DE8284A0EDA64435A69</key>
			<dict>
				<key>fileRef</key>
				<string>01ECF247A69F601139BC0D79</string>
				<key>isa</key>
				<string>PBXBuildFile</string>
			</dict>
			<key>01ECF247A69F601139BC0D79</key>
			<dict>
				<key>explicitFileType</key>
				<string>sourcecode.c.c</string>
				<key>fileEncoding</key>
				<string>30</string>
				<key>isa</key>
				<string>PBXFileReference</string>
				<key>name</key>
				<string>keep_alive.c</string>
				<key>path</key>
				<string>../../Documents/of_v0.9.8_osx_release/addons/ofxKinect/libs/libfreenect/src/keep_alive.c</string>
				<key>sourceTree</key>
				<string>SOURCE_ROOT</string>
			</dict>
			<key>A8053EB3300EFE8B2405D34A</key>
			<dict>
				<key>explicitFileType</key>
				<string>sourcecode.c.h</string>
				<key>fileEncoding</key>
				<string>30</string>
				<key>isa</key>
				<string>PBXFileReference</string>
				<key>name</key>
				<string>freenect_internal.h</string>
				<key>path</key>
				<string>../../Documents/of_v0.9.8_osx_release/addons/ofxKinect/libs/libfreenect/src/freenect_internal.h</string>
				<key>sourceTree</key>
				<string>SOURCE_ROOT</string>
			</dict>
			<key>1C0F0808DD29572D113821A3</key>
			<dict>
				<key>explicitFileType</key>
				<string>sourcecode.c.h</string>
				<key>fileEncoding</key>
				<string>30</string>
				<key>isa</key>
				<string>PBXFileReference</string>
				<key>name</key>
				<string>flags.h</string>
				<key>path</key>
				<string>../../Documents/of_v0.9.8_osx_release/addons/ofxKinect/libs/libfreenect/src/flags.h</string>
				<key>sourceTree</key>
				<string>SOURCE_ROOT</string>
			</dict>
			<key>50D8C1DDFD969FD57D0B124E</key>
			<dict>
				<key>fileRef</key>
				<string>9E4F7ACD155CF80DC18012C5</string>
				<key>isa</key>
				<string>PBXBuildFile</string>
			</dict>
			<key>9E4F7ACD155CF80DC18012C5</key>
			<dict>
				<key>explicitFileType</key>
				<string>sourcecode.c.c</string>
				<key>fileEncoding</key>
				<string>30</string>
				<key>isa</key>
				<string>PBXFileReference</string>
				<key>name</key>
				<string>flags.c</string>
				<key>path</key>
				<string>../../Documents/of_v0.9.8_osx_release/addons/ofxKinect/libs/libfreenect/src/flags.c</string>
				<key>sourceTree</key>
				<string>SOURCE_ROOT</string>
			</dict>
			<key>F7E2DB5C290700DC8311AD51</key>
			<dict>
				<key>fileRef</key>
				<string>D9B9E21500B39962884F1DC3</string>
				<key>isa</key>
				<string>PBXBuildFile</string>
			</dict>
			<key>D9B9E21500B39962884F1DC3</key>
			<dict>
				<key>explicitFileType</key>
				<string>sourcecode.c.c</string>
				<key>fileEncoding</key>
				<string>30</string>
				<key>isa</key>
				<string>PBXFileReference</string>
				<key>name</key>
				<string>core.c</string>
				<key>path</key>
				<string>../../Documents/of_v0.9.8_osx_release/addons/ofxKinect/libs/libfreenect/src/core.c</string>
				<key>sourceTree</key>
				<string>SOURCE_ROOT</string>
			</dict>
			<key>E36ED18745F61551379F7DD6</key>
			<dict>
				<key>explicitFileType</key>
				<string>sourcecode.c.h</string>
				<key>fileEncoding</key>
				<string>30</string>
				<key>isa</key>
				<string>PBXFileReference</string>
				<key>name</key>
				<string>cameras.h</string>
				<key>path</key>
				<string>../../Documents/of_v0.9.8_osx_release/addons/ofxKinect/libs/libfreenect/src/cameras.h</string>
				<key>sourceTree</key>
				<string>SOURCE_ROOT</string>
			</dict>
			<key>74965A0ED9DB8825E7D9290F</key>
			<dict>
				<key>fileRef</key>
				<string>15256C89E10B2A315BF40ABC</string>
				<key>isa</key>
				<string>PBXBuildFile</string>
			</dict>
			<key>15256C89E10B2A315BF40ABC</key>
			<dict>
				<key>explicitFileType</key>
				<string>sourcecode.c.c</string>
				<key>fileEncoding</key>
				<string>30</string>
				<key>isa</key>
				<string>PBXFileReference</string>
				<key>name</key>
				<string>cameras.c</string>
				<key>path</key>
				<string>../../Documents/of_v0.9.8_osx_release/addons/ofxKinect/libs/libfreenect/src/cameras.c</string>
				<key>sourceTree</key>
				<string>SOURCE_ROOT</string>
			</dict>
			<key>ED6E9BDB447DB965EE6F1FA6</key>
			<dict>
				<key>children</key>
				<array>
					<string>472DC5B2D844603A6CE4414D</string>
					<string>15256C89E10B2A315BF40ABC</string>
					<string>E36ED18745F61551379F7DD6</string>
					<string>D9B9E21500B39962884F1DC3</string>
					<string>9E4F7ACD155CF80DC18012C5</string>
					<string>1C0F0808DD29572D113821A3</string>
					<string>A8053EB3300EFE8B2405D34A</string>
					<string>01ECF247A69F601139BC0D79</string>
					<string>DDA835906D07DE3BDEB474D6</string>
					<string>DA7C2C67A03B57D03620BA43</string>
					<string>20F44ECC671A8F957BD57CDF</string>
					<string>70DD0F1E7E55A2A3169D59C8</string>
					<string>7B1F47E51B42EF652B7E4D0C</string>
					<string>80902C6591EE336D812A21DD</string>
					<string>602EE149568F5C36270FB211</string>
					<string>DCBDAF513D96324F42855F84</string>
				</array>
				<key>isa</key>
				<string>PBXGroup</string>
				<key>name</key>
				<string>src</string>
				<key>sourceTree</key>
				<string>&lt;group&gt;</string>
			</dict>
			<key>C7E7C8D9045944FDD2656E0F</key>
			<dict>
				<key>fileRef</key>
				<string>472DC5B2D844603A6CE4414D</string>
				<key>isa</key>
				<string>PBXBuildFile</string>
			</dict>
			<key>472DC5B2D844603A6CE4414D</key>
			<dict>
				<key>explicitFileType</key>
				<string>sourcecode.c.c</string>
				<key>fileEncoding</key>
				<string>30</string>
				<key>isa</key>
				<string>PBXFileReference</string>
				<key>name</key>
				<string>audio.c</string>
				<key>path</key>
				<string>../../Documents/of_v0.9.8_osx_release/addons/ofxKinect/libs/libfreenect/src/audio.c</string>
				<key>sourceTree</key>
				<string>SOURCE_ROOT</string>
			</dict>
			<key>F64D8A8583ABB4C041E77028</key>
			<dict>
				<key>explicitFileType</key>
				<string>sourcecode.c.h</string>
				<key>fileEncoding</key>
				<string>30</string>
				<key>isa</key>
				<string>PBXFileReference</string>
				<key>name</key>
				<string>libfreenect_registration.h</string>
				<key>path</key>
				<string>../../Documents/of_v0.9.8_osx_release/addons/ofxKinect/libs/libfreenect/include/libfreenect_registration.h</string>
				<key>sourceTree</key>
				<string>SOURCE_ROOT</string>
			</dict>
			<key>781FC8FB4AF918C5331B178E</key>
			<dict>
				<key>explicitFileType</key>
				<string>sourcecode.c.h</string>
				<key>fileEncoding</key>
				<string>30</string>
				<key>isa</key>
				<string>PBXFileReference</string>
				<key>name</key>
				<string>libfreenect_audio.h</string>
				<key>path</key>
				<string>../../Documents/of_v0.9.8_osx_release/addons/ofxKinect/libs/libfreenect/include/libfreenect_audio.h</string>
				<key>sourceTree</key>
				<string>SOURCE_ROOT</string>
			</dict>
			<key>6DFA2B327764FCDA2A8D882F</key>
			<dict>
				<key>children</key>
				<array>
					<string>200E57E3223D399F3BD3D3C1</string>
					<string>781FC8FB4AF918C5331B178E</string>
					<string>F64D8A8583ABB4C041E77028</string>
				</array>
				<key>isa</key>
				<string>PBXGroup</string>
				<key>name</key>
				<string>include</string>
				<key>sourceTree</key>
				<string>&lt;group&gt;</string>
			</dict>
			<key>32687044708CDA9EDA265387</key>
			<dict>
				<key>children</key>
				<array>
					<string>6DFA2B327764FCDA2A8D882F</string>
					<string>ED6E9BDB447DB965EE6F1FA6</string>
				</array>
				<key>isa</key>
				<string>PBXGroup</string>
				<key>name</key>
				<string>libfreenect</string>
				<key>sourceTree</key>
				<string>&lt;group&gt;</string>
			</dict>
			<key>F4101FC676C210E28DCB3220</key>
			<dict>
				<key>children</key>
				<array>
					<string>32687044708CDA9EDA265387</string>
					<string>65726280742CD54BF368BDB8</string>
				</array>
				<key>isa</key>
				<string>PBXGroup</string>
				<key>name</key>
				<string>libs</string>
				<key>sourceTree</key>
				<string>&lt;group&gt;</string>
			</dict>
			<key>200E57E3223D399F3BD3D3C1</key>
			<dict>
				<key>explicitFileType</key>
				<string>sourcecode.c.h</string>
				<key>fileEncoding</key>
				<string>30</string>
				<key>isa</key>
				<string>PBXFileReference</string>
				<key>name</key>
				<string>libfreenect.h</string>
				<key>path</key>
				<string>../../Documents/of_v0.9.8_osx_release/addons/ofxKinect/libs/libfreenect/include/libfreenect.h</string>
				<key>sourceTree</key>
				<string>SOURCE_ROOT</string>
			</dict>
			<key>277923F18355F96B76F61162</key>
			<dict>
				<key>explicitFileType</key>
				<string>sourcecode.c.h</string>
				<key>fileEncoding</key>
				<string>30</string>
				<key>isa</key>
				<string>PBXFileReference</string>
				<key>name</key>
				<string>ofxKinect.h</string>
				<key>path</key>
				<string>../../Documents/of_v0.9.8_osx_release/addons/ofxKinect/src/ofxKinect.h</string>
				<key>sourceTree</key>
				<string>SOURCE_ROOT</string>
			</dict>
			<key>E0AAF6882AD6A9819625137C</key>
			<dict>
				<key>fileRef</key>
				<string>D6E526C1018E2C7A1BDF03B0</string>
				<key>isa</key>
				<string>PBXBuildFile</string>
			</dict>
			<key>D6E526C1018E2C7A1BDF03B0</key>
			<dict>
				<key>explicitFileType</key>
				<string>sourcecode.cpp.cpp</string>
				<key>fileEncoding</key>
				<string>30</string>
				<key>isa</key>
				<string>PBXFileReference</string>
				<key>name</key>
				<string>ofxKinect.cpp</string>
				<key>path</key>
				<string>../../Documents/of_v0.9.8_osx_release/addons/ofxKinect/src/ofxKinect.cpp</string>
				<key>sourceTree</key>
				<string>SOURCE_ROOT</string>
			</dict>
			<key>5E35214149A55657B045A60B</key>
			<dict>
				<key>explicitFileType</key>
				<string>sourcecode.c.h</string>
				<key>fileEncoding</key>
				<string>30</string>
				<key>isa</key>
				<string>PBXFileReference</string>
				<key>name</key>
				<string>ofxBase3DVideo.h</string>
				<key>path</key>
				<string>../../Documents/of_v0.9.8_osx_release/addons/ofxKinect/src/ofxBase3DVideo.h</string>
				<key>sourceTree</key>
				<string>SOURCE_ROOT</string>
			</dict>
			<key>B315B68E6642A03243574BD7</key>
			<dict>
				<key>explicitFileType</key>
				<string>sourcecode.c.h</string>
				<key>fileEncoding</key>
				<string>30</string>
				<key>isa</key>
				<string>PBXFileReference</string>
				<key>name</key>
				<string>ofxKinectExtras.h</string>
				<key>path</key>
				<string>../../Documents/of_v0.9.8_osx_release/addons/ofxKinect/src/extra/ofxKinectExtras.h</string>
				<key>sourceTree</key>
				<string>SOURCE_ROOT</string>
			</dict>
			<key>6E7134DE536888BE82D56327</key>
			<dict>
				<key>children</key>
				<array>
					<string>FE039C31D19F805EA84DDA07</string>
					<string>B315B68E6642A03243574BD7</string>
				</array>
				<key>isa</key>
				<string>PBXGroup</string>
				<key>name</key>
				<string>extra</string>
				<key>sourceTree</key>
				<string>&lt;group&gt;</string>
			</dict>
			<key>F3D2DB7201EFA9F7958F421E</key>
			<dict>
				<key>children</key>
				<array>
					<string>6E7134DE536888BE82D56327</string>
					<string>5E35214149A55657B045A60B</string>
					<string>D6E526C1018E2C7A1BDF03B0</string>
					<string>277923F18355F96B76F61162</string>
				</array>
				<key>isa</key>
				<string>PBXGroup</string>
				<key>name</key>
				<string>src</string>
				<key>sourceTree</key>
				<string>&lt;group&gt;</string>
			</dict>
			<key>9683228C705CA3FF4F2EA945</key>
			<dict>
				<key>children</key>
				<array>
					<string>F3D2DB7201EFA9F7958F421E</string>
					<string>F4101FC676C210E28DCB3220</string>
				</array>
				<key>isa</key>
				<string>PBXGroup</string>
				<key>name</key>
				<string>ofxKinect</string>
				<key>sourceTree</key>
				<string>&lt;group&gt;</string>
			</dict>
			<key>C2D307119C5A9EF11D1746B2</key>
			<dict>
				<key>fileRef</key>
				<string>FE039C31D19F805EA84DDA07</string>
				<key>isa</key>
				<string>PBXBuildFile</string>
			</dict>
			<key>FE039C31D19F805EA84DDA07</key>
			<dict>
				<key>explicitFileType</key>
				<string>sourcecode.cpp.cpp</string>
				<key>fileEncoding</key>
				<string>30</string>
				<key>isa</key>
				<string>PBXFileReference</string>
				<key>name</key>
				<string>ofxKinectExtras.cpp</string>
				<key>path</key>
				<string>../../Documents/of_v0.9.8_osx_release/addons/ofxKinect/src/extra/ofxKinectExtras.cpp</string>
				<key>sourceTree</key>
				<string>SOURCE_ROOT</string>
			</dict>
			<key>6948EE371B920CB800B5AC1A</key>
			<dict>
				<key>children</key>
				<array />
				<key>isa</key>
				<string>PBXGroup</string>
				<key>name</key>
				<string>local_addons</string>
				<key>sourceTree</key>
				<string>&lt;group&gt;</string>
			</dict>
			<key>BB4B014C10F69532006C3DED</key>
			<dict>
				<key>children</key>
				<array>
					<string>9683228C705CA3FF4F2EA945</string>
				</array>
				<key>isa</key>
				<string>PBXGroup</string>
				<key>name</key>
				<string>addons</string>
				<key>sourceTree</key>
				<string>&lt;group&gt;</string>
			</dict>
			<key>E4328143138ABC890047C5CB</key>
			<dict>
				<key>isa</key>
				<string>PBXFileReference</string>
				<key>lastKnownFileType</key>
				<string>wrapper.pb-project</string>
				<key>name</key>
				<string>openFrameworksLib.xcodeproj</string>
				<key>path</key>
				<string>../../Documents/of_v0.9.8_osx_release/libs/openFrameworksCompiled/project/osx/openFrameworksLib.xcodeproj</string>
				<key>sourceTree</key>
				<string>SOURCE_ROOT</string>
			</dict>
			<key>E4328144138ABC890047C5CB</key>
			<dict>
				<key>children</key>
				<array>
					<string>E4328148138ABC890047C5CB</string>
				</array>
				<key>isa</key>
				<string>PBXGroup</string>
				<key>name</key>
				<string>Products</string>
				<key>sourceTree</key>
				<string>&lt;group&gt;</string>
			</dict>
			<key>E4328147138ABC890047C5CB</key>
			<dict>
				<key>containerPortal</key>
				<string>E4328143138ABC890047C5CB</string>
				<key>isa</key>
				<string>PBXContainerItemProxy</string>
				<key>proxyType</key>
				<string>2</string>
				<key>remoteGlobalIDString</key>
				<string>E4B27C1510CBEB8E00536013</string>
				<key>remoteInfo</key>
				<string>openFrameworks</string>
			</dict>
			<key>E4328148138ABC890047C5CB</key>
			<dict>
				<key>fileType</key>
				<string>archive.ar</string>
				<key>isa</key>
				<string>PBXReferenceProxy</string>
				<key>path</key>
				<string>openFrameworksDebug.a</string>
				<key>remoteRef</key>
				<string>E4328147138ABC890047C5CB</string>
				<key>sourceTree</key>
				<string>BUILT_PRODUCTS_DIR</string>
			</dict>
			<key>E4328149138ABC9F0047C5CB</key>
			<dict>
				<key>fileRef</key>
				<string>E4328148138ABC890047C5CB</string>
				<key>isa</key>
				<string>PBXBuildFile</string>
			</dict>
			<key>E4B69B4A0A3A1720003C02F2</key>
			<dict>
				<key>children</key>
				<array>
					<string>E4B6FCAD0C3E899E008CF71C</string>
					<string>E4EB6923138AFD0F00A09F29</string>
					<string>E4B69E1C0A3A1BDC003C02F2</string>
					<string>E4EEC9E9138DF44700A80321</string>
					<string>BB4B014C10F69532006C3DED</string>
					<string>6948EE371B920CB800B5AC1A</string>
					<string>E4B69B5B0A3A1756003C02F2</string>
				</array>
				<key>isa</key>
				<string>PBXGroup</string>
				<key>sourceTree</key>
				<string>&lt;group&gt;</string>
			</dict>
			<key>E4B69B4C0A3A1720003C02F2</key>
			<dict>
				<key>attributes</key>
				<dict>
					<key>LastUpgradeCheck</key>
					<string>0600</string>
				</dict>
				<key>buildConfigurationList</key>
				<string>E4B69B4D0A3A1720003C02F2</string>
				<key>compatibilityVersion</key>
				<string>Xcode 3.2</string>
				<key>developmentRegion</key>
				<string>English</string>
				<key>hasScannedForEncodings</key>
				<string>0</string>
				<key>isa</key>
				<string>PBXProject</string>
				<key>knownRegions</key>
				<array>
					<string>English</string>
					<string>Japanese</string>
					<string>French</string>
					<string>German</string>
				</array>
				<key>mainGroup</key>
				<string>E4B69B4A0A3A1720003C02F2</string>
				<key>productRefGroup</key>
				<string>E4B69B4A0A3A1720003C02F2</string>
				<key>projectDirPath</key>
				<string />
				<key>projectReferences</key>
				<array>
					<dict>
						<key>ProductGroup</key>
						<string>E4328144138ABC890047C5CB</string>
						<key>ProjectRef</key>
						<string>E4328143138ABC890047C5CB</string>
					</dict>
				</array>
				<key>projectRoot</key>
				<string />
				<key>targets</key>
				<array>
					<string>E4B69B5A0A3A1756003C02F2</string>
				</array>
			</dict>
			<key>E4B69B4D0A3A1720003C02F2</key>
			<dict>
				<key>buildConfigurations</key>
				<array>
					<string>E4B69B4E0A3A1720003C02F2</string>
					<string>E4B69B4F0A3A1720003C02F2</string>
				</array>
				<key>defaultConfigurationIsVisible</key>
				<string>0</string>
				<key>defaultConfigurationName</key>
				<string>Release</string>
				<key>isa</key>
				<string>XCConfigurationList</string>
			</dict>
			<key>E4B69B4E0A3A1720003C02F2</key>
			<dict>
				<key>baseConfigurationReference</key>
				<string>E4EB6923138AFD0F00A09F29</string>
				<key>buildSettings</key>
				<dict>
					<key>OTHER_LDFLAGS</key>
					<array>
						<string>$(OF_CORE_FRAMEWORKS) $(OF_CORE_LIBS)</string>
						<string>../../Documents/of_v0.9.8_osx_release/addons/ofxKinect/libs/libusb-1.0/lib/osx/usb-1.0.a</string>
					</array>
					<key>HEADER_SEARCH_PATHS</key>
					<array>
						<string>$(OF_CORE_HEADERS)</string>
						<string>src</string>
						<string>../../Documents/of_v0.9.8_osx_release/addons/ofxKinect/libs</string>
						<string>../../Documents/of_v0.9.8_osx_release/addons/ofxKinect/libs/libfreenect</string>
						<string>../../Documents/of_v0.9.8_osx_release/addons/ofxKinect/libs/libfreenect/include</string>
						<string>../../Documents/of_v0.9.8_osx_release/addons/ofxKinect/libs/libfreenect/platform</string>
						<string>../../Documents/of_v0.9.8_osx_release/addons/ofxKinect/libs/libfreenect/src</string>
						<string>../../Documents/of_v0.9.8_osx_release/addons/ofxKinect/libs/libusb-1.0</string>
						<string>../../Documents/of_v0.9.8_osx_release/addons/ofxKinect/libs/libusb-1.0/include</string>
						<string>../../Documents/of_v0.9.8_osx_release/addons/ofxKinect/libs/libusb-1.0/include/libusb-1.0</string>
						<string>../../Documents/of_v0.9.8_osx_release/addons/ofxKinect/libs/libusb-1.0/lib</string>
						<string>../../Documents/of_v0.9.8_osx_release/addons/ofxKinect/libs/libusb-1.0/lib/osx</string>
						<string>../../Documents/of_v0.9.8_osx_release/addons/ofxKinect/libs/libusb-win32</string>
						<string>../../Documents/of_v0.9.8_osx_release/addons/ofxKinect/src</string>
						<string>../../Documents/of_v0.9.8_osx_release/addons/ofxKinect/src/extra</string>
					</array>
					<key>CONFIGURATION_BUILD_DIR</key>
					<string>$(SRCROOT)/bin/</string>
					<key>COPY_PHASE_STRIP</key>
					<string>NO</string>
					<key>DEAD_CODE_STRIPPING</key>
					<string>YES</string>
					<key>GCC_AUTO_VECTORIZATION</key>
					<string>YES</string>
					<key>GCC_ENABLE_SSE3_EXTENSIONS</key>
					<string>YES</string>
					<key>GCC_ENABLE_SUPPLEMENTAL_SSE3_INSTRUCTIONS</key>
					<string>YES</string>
					<key>GCC_INLINES_ARE_PRIVATE_EXTERN</key>
					<string>NO</string>
					<key>GCC_OPTIMIZATION_LEVEL</key>
					<string>0</string>
					<key>GCC_SYMBOLS_PRIVATE_EXTERN</key>
					<string>NO</string>
					<key>GCC_WARN_ABOUT_DEPRECATED_FUNCTIONS</key>
					<string>YES</string>
					<key>GCC_WARN_ABOUT_INVALID_OFFSETOF_MACRO</key>
					<string>NO</string>
					<key>GCC_WARN_ALLOW_INCOMPLETE_PROTOCOL</key>
					<string>NO</string>
					<key>GCC_WARN_UNINITIALIZED_AUTOS</key>
					<string>NO</string>
					<key>GCC_WARN_UNUSED_VALUE</key>
					<string>NO</string>
					<key>GCC_WARN_UNUSED_VARIABLE</key>
					<string>NO</string>
					<key>MACOSX_DEPLOYMENT_TARGET</key>
					<string>10.8</string>
					<key>ONLY_ACTIVE_ARCH</key>
					<string>YES</string>
					<key>OTHER_CPLUSPLUSFLAGS</key>
					<array>
						<string>-D__MACOSX_CORE__</string>
						<string>-mtune=native</string>
					</array>
					<key>SDKROOT</key>
					<string>macosx</string>
				</dict>
				<key>isa</key>
				<string>XCBuildConfiguration</string>
				<key>name</key>
				<string>Debug</string>
			</dict>
			<key>E4B69B4F0A3A1720003C02F2</key>
			<dict>
				<key>baseConfigurationReference</key>
				<string>E4EB6923138AFD0F00A09F29</string>
				<key>buildSettings</key>
				<dict>
					<key>OTHER_LDFLAGS</key>
					<array>
						<string>$(OF_CORE_FRAMEWORKS) $(OF_CORE_LIBS)</string>
						<string>../../Documents/of_v0.9.8_osx_release/addons/ofxKinect/libs/libusb-1.0/lib/osx/usb-1.0.a</string>
					</array>
					<key>HEADER_SEARCH_PATHS</key>
					<array>
						<string>$(OF_CORE_HEADERS)</string>
						<string>src</string>
						<string>../../Documents/of_v0.9.8_osx_release/addons/ofxKinect/libs</string>
						<string>../../Documents/of_v0.9.8_osx_release/addons/ofxKinect/libs/libfreenect</string>
						<string>../../Documents/of_v0.9.8_osx_release/addons/ofxKinect/libs/libfreenect/include</string>
						<string>../../Documents/of_v0.9.8_osx_release/addons/ofxKinect/libs/libfreenect/platform</string>
						<string>../../Documents/of_v0.9.8_osx_release/addons/ofxKinect/libs/libfreenect/src</string>
						<string>../../Documents/of_v0.9.8_osx_release/addons/ofxKinect/libs/libusb-1.0</string>
						<string>../../Documents/of_v0.9.8_osx_release/addons/ofxKinect/libs/libusb-1.0/include</string>
						<string>../../Documents/of_v0.9.8_osx_release/addons/ofxKinect/libs/libusb-1.0/include/libusb-1.0</string>
						<string>../../Documents/of_v0.9.8_osx_release/addons/ofxKinect/libs/libusb-1.0/lib</string>
						<string>../../Documents/of_v0.9.8_osx_release/addons/ofxKinect/libs/libusb-1.0/lib/osx</string>
						<string>../../Documents/of_v0.9.8_osx_release/addons/ofxKinect/libs/libusb-win32</string>
						<string>../../Documents/of_v0.9.8_osx_release/addons/ofxKinect/src</string>
						<string>../../Documents/of_v0.9.8_osx_release/addons/ofxKinect/src/extra</string>
					</array>
					<key>CONFIGURATION_BUILD_DIR</key>
					<string>$(SRCROOT)/bin/</string>
					<key>COPY_PHASE_STRIP</key>
					<string>YES</string>
					<key>DEAD_CODE_STRIPPING</key>
					<string>YES</string>
					<key>GCC_AUTO_VECTORIZATION</key>
					<string>YES</string>
					<key>GCC_ENABLE_SSE3_EXTENSIONS</key>
					<string>YES</string>
					<key>GCC_ENABLE_SUPPLEMENTAL_SSE3_INSTRUCTIONS</key>
					<string>YES</string>
					<key>GCC_INLINES_ARE_PRIVATE_EXTERN</key>
					<string>NO</string>
					<key>GCC_OPTIMIZATION_LEVEL</key>
					<string>3</string>
					<key>GCC_SYMBOLS_PRIVATE_EXTERN</key>
					<string>NO</string>
					<key>GCC_UNROLL_LOOPS</key>
					<string>YES</string>
					<key>GCC_WARN_ABOUT_DEPRECATED_FUNCTIONS</key>
					<string>YES</string>
					<key>GCC_WARN_ABOUT_INVALID_OFFSETOF_MACRO</key>
					<string>NO</string>
					<key>GCC_WARN_ALLOW_INCOMPLETE_PROTOCOL</key>
					<string>NO</string>
					<key>GCC_WARN_UNINITIALIZED_AUTOS</key>
					<string>NO</string>
					<key>GCC_WARN_UNUSED_VALUE</key>
					<string>NO</string>
					<key>GCC_WARN_UNUSED_VARIABLE</key>
					<string>NO</string>
					<key>MACOSX_DEPLOYMENT_TARGET</key>
					<string>10.8</string>
					<key>OTHER_CPLUSPLUSFLAGS</key>
					<array>
						<string>-D__MACOSX_CORE__</string>
						<string>-mtune=native</string>
					</array>
					<key>SDKROOT</key>
					<string>macosx</string>
				</dict>
				<key>isa</key>
				<string>XCBuildConfiguration</string>
				<key>name</key>
				<string>Release</string>
			</dict>
			<key>E4B69B580A3A1756003C02F2</key>
			<dict>
				<key>buildActionMask</key>
				<string>2147483647</string>
				<key>files</key>
				<array>
					<string>E4B69E200A3A1BDC003C02F2</string>
					<string>E4B69E210A3A1BDC003C02F2</string>
					<string>C2D307119C5A9EF11D1746B2</string>
					<string>E0AAF6882AD6A9819625137C</string>
					<string>C7E7C8D9045944FDD2656E0F</string>
					<string>74965A0ED9DB8825E7D9290F</string>
					<string>F7E2DB5C290700DC8311AD51</string>
					<string>50D8C1DDFD969FD57D0B124E</string>
					<string>3DA33DE8284A0EDA64435A69</string>
					<string>54D155597222751017D56EFE</string>
					<string>D0CDB3F8E4880DCA6A448C7C</string>
					<string>988FDF2A4CD7769A06B8A005</string>
					<string>3E722E0C59F7D034C6553A7B</string>
				</array>
				<key>isa</key>
				<string>PBXSourcesBuildPhase</string>
				<key>runOnlyForDeploymentPostprocessing</key>
				<string>0</string>
			</dict>
			<key>E4B69B590A3A1756003C02F2</key>
			<dict>
				<key>buildActionMask</key>
				<string>2147483647</string>
				<key>files</key>
				<array>
					<string>E4328149138ABC9F0047C5CB</string>
				</array>
				<key>isa</key>
				<string>PBXFrameworksBuildPhase</string>
				<key>runOnlyForDeploymentPostprocessing</key>
				<string>0</string>
			</dict>
			<key>E4B69B5A0A3A1756003C02F2</key>
			<dict>
				<key>buildConfigurationList</key>
				<string>E4B69B5F0A3A1757003C02F2</string>
				<key>buildPhases</key>
				<array>
					<string>E4B69B580A3A1756003C02F2</string>
					<string>E4B69B590A3A1756003C02F2</string>
					<string>E4B6FFFD0C3F9AB9008CF71C</string>
					<string>E4C2427710CC5ABF004149E2</string>
				</array>
				<key>buildRules</key>
				<array />
				<key>dependencies</key>
				<array>
					<string>E4EEB9AC138B136A00A80321</string>
				</array>
				<key>isa</key>
				<string>PBXNativeTarget</string>
				<key>name</key>
				<string>kinect_inClass</string>
				<key>productName</key>
				<string>myOFApp</string>
				<key>productReference</key>
				<string>E4B69B5B0A3A1756003C02F2</string>
				<key>productType</key>
				<string>com.apple.product-type.application</string>
			</dict>
			<key>E4B69B5B0A3A1756003C02F2</key>
			<dict>
				<key>explicitFileType</key>
				<string>wrapper.application</string>
				<key>includeInIndex</key>
				<string>0</string>
				<key>isa</key>
				<string>PBXFileReference</string>
				<key>path</key>
				<string>kinect_inClassDebug.app</string>
				<key>sourceTree</key>
				<string>BUILT_PRODUCTS_DIR</string>
			</dict>
			<key>E4B69B5F0A3A1757003C02F2</key>
			<dict>
				<key>buildConfigurations</key>
				<array>
					<string>E4B69B600A3A1757003C02F2</string>
					<string>E4B69B610A3A1757003C02F2</string>
				</array>
				<key>defaultConfigurationIsVisible</key>
				<string>0</string>
				<key>defaultConfigurationName</key>
				<string>Release</string>
				<key>isa</key>
				<string>XCConfigurationList</string>
			</dict>
			<key>E4B69B600A3A1757003C02F2</key>
			<dict>
				<key>baseConfigurationReference</key>
				<string>E4EB6923138AFD0F00A09F29</string>
				<key>buildSettings</key>
				<dict>
					<key>OTHER_LDFLAGS</key>
					<array>
						<string>$(OF_CORE_FRAMEWORKS) $(OF_CORE_LIBS)</string>
						<string>../../Documents/of_v0.9.8_osx_release/addons/ofxKinect/libs/libusb-1.0/lib/osx/usb-1.0.a</string>
					</array>
					<key>HEADER_SEARCH_PATHS</key>
					<array>
						<string>$(OF_CORE_HEADERS)</string>
						<string>src</string>
						<string>../../Documents/of_v0.9.8_osx_release/addons/ofxKinect/libs</string>
						<string>../../Documents/of_v0.9.8_osx_release/addons/ofxKinect/libs/libfreenect</string>
						<string>../../Documents/of_v0.9.8_osx_release/addons/ofxKinect/libs/libfreenect/include</string>
						<string>../../Documents/of_v0.9.8_osx_release/addons/ofxKinect/libs/libfreenect/platform</string>
						<string>../../Documents/of_v0.9.8_osx_release/addons/ofxKinect/libs/libfreenect/src</string>
						<string>../../Documents/of_v0.9.8_osx_release/addons/ofxKinect/libs/libusb-1.0</string>
						<string>../../Documents/of_v0.9.8_osx_release/addons/ofxKinect/libs/libusb-1.0/include</string>
						<string>../../Documents/of_v0.9.8_osx_release/addons/ofxKinect/libs/libusb-1.0/include/libusb-1.0</string>
						<string>../../Documents/of_v0.9.8_osx_release/addons/ofxKinect/libs/libusb-1.0/lib</string>
						<string>../../Documents/of_v0.9.8_osx_release/addons/ofxKinect/libs/libusb-1.0/lib/osx</string>
						<string>../../Documents/of_v0.9.8_osx_release/addons/ofxKinect/libs/libusb-win32</string>
						<string>../../Documents/of_v0.9.8_osx_release/addons/ofxKinect/src</string>
						<string>../../Documents/of_v0.9.8_osx_release/addons/ofxKinect/src/extra</string>
					</array>
					<key>COMBINE_HIDPI_IMAGES</key>
					<string>YES</string>
					<key>COPY_PHASE_STRIP</key>
					<string>NO</string>
					<key>FRAMEWORK_SEARCH_PATHS</key>
					<array>
						<string>$(inherited)</string>
						<string>$(FRAMEWORK_SEARCH_PATHS_QUOTED_FOR_TARGET_1)</string>
					</array>
					<key>FRAMEWORK_SEARCH_PATHS_QUOTED_FOR_TARGET_1</key>
					<string>"$(SRCROOT)/../../Documents/of_v0.9.8_osx_release/libs/glut/lib/osx"</string>
					<key>GCC_DYNAMIC_NO_PIC</key>
					<string>NO</string>
					<key>GCC_GENERATE_DEBUGGING_SYMBOLS</key>
					<string>YES</string>
					<key>GCC_MODEL_TUNING</key>
					<string>NONE</string>
					<key>ICON</key>
					<string>$(ICON_NAME_DEBUG)</string>
					<key>ICON_FILE</key>
					<string>$(ICON_FILE_PATH)$(ICON)</string>
					<key>INFOPLIST_FILE</key>
					<string>openFrameworks-Info.plist</string>
					<key>INSTALL_PATH</key>
					<string>/Applications</string>
					<key>LIBRARY_SEARCH_PATHS</key>
					<string>$(inherited)</string>
					<key>PRODUCT_NAME</key>
					<string>$(TARGET_NAME)Debug</string>
					<key>WRAPPER_EXTENSION</key>
					<string>app</string>
				</dict>
				<key>isa</key>
				<string>XCBuildConfiguration</string>
				<key>name</key>
				<string>Debug</string>
			</dict>
			<key>E4B69B610A3A1757003C02F2</key>
			<dict>
				<key>baseConfigurationReference</key>
				<string>E4EB6923138AFD0F00A09F29</string>
				<key>buildSettings</key>
				<dict>
					<key>OTHER_LDFLAGS</key>
					<array>
						<string>$(OF_CORE_FRAMEWORKS) $(OF_CORE_LIBS)</string>
						<string>../../Documents/of_v0.9.8_osx_release/addons/ofxKinect/libs/libusb-1.0/lib/osx/usb-1.0.a</string>
					</array>
					<key>HEADER_SEARCH_PATHS</key>
					<array>
						<string>$(OF_CORE_HEADERS)</string>
						<string>src</string>
						<string>../../Documents/of_v0.9.8_osx_release/addons/ofxKinect/libs</string>
						<string>../../Documents/of_v0.9.8_osx_release/addons/ofxKinect/libs/libfreenect</string>
						<string>../../Documents/of_v0.9.8_osx_release/addons/ofxKinect/libs/libfreenect/include</string>
						<string>../../Documents/of_v0.9.8_osx_release/addons/ofxKinect/libs/libfreenect/platform</string>
						<string>../../Documents/of_v0.9.8_osx_release/addons/ofxKinect/libs/libfreenect/src</string>
						<string>../../Documents/of_v0.9.8_osx_release/addons/ofxKinect/libs/libusb-1.0</string>
						<string>../../Documents/of_v0.9.8_osx_release/addons/ofxKinect/libs/libusb-1.0/include</string>
						<string>../../Documents/of_v0.9.8_osx_release/addons/ofxKinect/libs/libusb-1.0/include/libusb-1.0</string>
						<string>../../Documents/of_v0.9.8_osx_release/addons/ofxKinect/libs/libusb-1.0/lib</string>
						<string>../../Documents/of_v0.9.8_osx_release/addons/ofxKinect/libs/libusb-1.0/lib/osx</string>
						<string>../../Documents/of_v0.9.8_osx_release/addons/ofxKinect/libs/libusb-win32</string>
						<string>../../Documents/of_v0.9.8_osx_release/addons/ofxKinect/src</string>
						<string>../../Documents/of_v0.9.8_osx_release/addons/ofxKinect/src/extra</string>
					</array>
					<key>COMBINE_HIDPI_IMAGES</key>
					<string>YES</string>
					<key>COPY_PHASE_STRIP</key>
					<string>YES</string>
					<key>FRAMEWORK_SEARCH_PATHS</key>
					<array>
						<string>$(inherited)</string>
						<string>$(FRAMEWORK_SEARCH_PATHS_QUOTED_FOR_TARGET_1)</string>
					</array>
					<key>FRAMEWORK_SEARCH_PATHS_QUOTED_FOR_TARGET_1</key>
					<string>"$(SRCROOT)/../../Documents/of_v0.9.8_osx_release/libs/glut/lib/osx"</string>
					<key>GCC_GENERATE_DEBUGGING_SYMBOLS</key>
					<string>YES</string>
					<key>GCC_MODEL_TUNING</key>
					<string>NONE</string>
					<key>ICON</key>
					<string>$(ICON_NAME_RELEASE)</string>
					<key>ICON_FILE</key>
					<string>$(ICON_FILE_PATH)$(ICON)</string>
					<key>INFOPLIST_FILE</key>
					<string>openFrameworks-Info.plist</string>
					<key>INSTALL_PATH</key>
					<string>/Applications</string>
					<key>LIBRARY_SEARCH_PATHS</key>
					<string>$(inherited)</string>
					<key>PRODUCT_NAME</key>
					<string>$(TARGET_NAME)</string>
					<key>WRAPPER_EXTENSION</key>
					<string>app</string>
					<key>baseConfigurationReference</key>
					<string>E4EB6923138AFD0F00A09F29</string>
				</dict>
				<key>isa</key>
				<string>XCBuildConfiguration</string>
				<key>name</key>
				<string>Release</string>
			</dict>
			<key>E4B69E1C0A3A1BDC003C02F2</key>
			<dict>
				<key>children</key>
				<array>
					<string>E4B69E1D0A3A1BDC003C02F2</string>
					<string>E4B69E1E0A3A1BDC003C02F2</string>
					<string>E4B69E1F0A3A1BDC003C02F2</string>
				</array>
				<key>isa</key>
				<string>PBXGroup</string>
				<key>path</key>
				<string>src</string>
				<key>sourceTree</key>
				<string>SOURCE_ROOT</string>
			</dict>
			<key>E4B69E1D0A3A1BDC003C02F2</key>
			<dict>
				<key>fileEncoding</key>
				<string>30</string>
				<key>isa</key>
				<string>PBXFileReference</string>
				<key>lastKnownFileType</key>
				<string>sourcecode.cpp.cpp</string>
				<key>name</key>
				<string>main.cpp</string>
				<key>path</key>
				<string>src/main.cpp</string>
				<key>sourceTree</key>
				<string>SOURCE_ROOT</string>
			</dict>
			<key>E4B69E1E0A3A1BDC003C02F2</key>
			<dict>
				<key>explicitFileType</key>
				<string>sourcecode.cpp.cpp</string>
				<key>fileEncoding</key>
				<string>30</string>
				<key>isa</key>
				<string>PBXFileReference</string>
				<key>name</key>
				<string>ofApp.cpp</string>
				<key>path</key>
				<string>src/ofApp.cpp</string>
				<key>sourceTree</key>
				<string>SOURCE_ROOT</string>
			</dict>
			<key>E4B69E1F0A3A1BDC003C02F2</key>
			<dict>
				<key>fileEncoding</key>
				<string>30</string>
				<key>isa</key>
				<string>PBXFileReference</string>
				<key>lastKnownFileType</key>
				<string>sourcecode.c.h</string>
				<key>name</key>
				<string>ofApp.h</string>
				<key>path</key>
				<string>src/ofApp.h</string>
				<key>sourceTree</key>
				<string>SOURCE_ROOT</string>
			</dict>
			<key>E4B69E200A3A1BDC003C02F2</key>
			<dict>
				<key>fileRef</key>
				<string>E4B69E1D0A3A1BDC003C02F2</string>
				<key>isa</key>
				<string>PBXBuildFile</string>
			</dict>
			<key>E4B69E210A3A1BDC003C02F2</key>
			<dict>
				<key>fileRef</key>
				<string>E4B69E1E0A3A1BDC003C02F2</string>
				<key>isa</key>
				<string>PBXBuildFile</string>
			</dict>
			<key>E4B6FCAD0C3E899E008CF71C</key>
			<dict>
				<key>fileEncoding</key>
				<string>30</string>
				<key>isa</key>
				<string>PBXFileReference</string>
				<key>lastKnownFileType</key>
				<string>text.plist.xml</string>
				<key>path</key>
				<string>openFrameworks-Info.plist</string>
				<key>sourceTree</key>
				<string>&lt;group&gt;</string>
			</dict>
			<key>E4B6FFFD0C3F9AB9008CF71C</key>
			<dict>
				<key>buildActionMask</key>
				<string>2147483647</string>
				<key>files</key>
				<array />
				<key>inputPaths</key>
				<array />
				<key>isa</key>
				<string>PBXShellScriptBuildPhase</string>
				<key>outputPaths</key>
				<array />
				<key>runOnlyForDeploymentPostprocessing</key>
				<string>0</string>
				<key>shellPath</key>
				<string>/bin/sh</string>
				<key>shellScript</key>
				<string>mkdir -p "$TARGET_BUILD_DIR/$PRODUCT_NAME.app/Contents/Resources/"
# Copy default icon file into App/Resources
rsync -aved "$ICON_FILE" "$TARGET_BUILD_DIR/$PRODUCT_NAME.app/Contents/Resources/"
# Copy libfmod and change install directory for fmod to run
rsync -aved ../../Documents/of_v0.9.8_osx_release/libs/fmodex/lib/osx/libfmodex.dylib "$TARGET_BUILD_DIR/$PRODUCT_NAME.app/Contents/Frameworks/";
install_name_tool -change @executable_path/libfmodex.dylib @executable_path/../Frameworks/libfmodex.dylib "$TARGET_BUILD_DIR/$PRODUCT_NAME.app/Contents/MacOS/$PRODUCT_NAME";
# Copy GLUT framework (must remove for AppStore submissions)
rsync -aved ../../Documents/of_v0.9.8_osx_release/libs/glut/lib/osx/GLUT.framework "$TARGET_BUILD_DIR/$PRODUCT_NAME.app/Contents/Frameworks/"
</string>
			</dict>
			<key>E4C2427710CC5ABF004149E2</key>
			<dict>
				<key>buildActionMask</key>
				<string>2147483647</string>
				<key>dstPath</key>
				<string />
				<key>dstSubfolderSpec</key>
				<string>10</string>
				<key>files</key>
				<array />
				<key>isa</key>
				<string>PBXCopyFilesBuildPhase</string>
				<key>runOnlyForDeploymentPostprocessing</key>
				<string>0</string>
			</dict>
			<key>E4EB691F138AFCF100A09F29</key>
			<dict>
				<key>fileEncoding</key>
				<string>4</string>
				<key>isa</key>
				<string>PBXFileReference</string>
				<key>lastKnownFileType</key>
				<string>text.xcconfig</string>
				<key>name</key>
				<string>CoreOF.xcconfig</string>
				<key>path</key>
				<string>../../Documents/of_v0.9.8_osx_release/libs/openFrameworksCompiled/project/osx/CoreOF.xcconfig</string>
				<key>sourceTree</key>
				<string>SOURCE_ROOT</string>
			</dict>
			<key>E4EB6923138AFD0F00A09F29</key>
			<dict>
				<key>fileEncoding</key>
				<string>4</string>
				<key>isa</key>
				<string>PBXFileReference</string>
				<key>lastKnownFileType</key>
				<string>text.xcconfig</string>
				<key>path</key>
				<string>Project.xcconfig</string>
				<key>sourceTree</key>
				<string>&lt;group&gt;</string>
			</dict>
			<key>E4EEB9AB138B136A00A80321</key>
			<dict>
				<key>containerPortal</key>
				<string>E4328143138ABC890047C5CB</string>
				<key>isa</key>
				<string>PBXContainerItemProxy</string>
				<key>proxyType</key>
				<string>1</string>
				<key>remoteGlobalIDString</key>
				<string>E4B27C1410CBEB8E00536013</string>
				<key>remoteInfo</key>
				<string>openFrameworks</string>
			</dict>
			<key>E4EEB9AC138B136A00A80321</key>
			<dict>
				<key>isa</key>
				<string>PBXTargetDependency</string>
				<key>name</key>
				<string>openFrameworks</string>
				<key>targetProxy</key>
				<string>E4EEB9AB138B136A00A80321</string>
			</dict>
			<key>E4EEC9E9138DF44700A80321</key>
			<dict>
				<key>children</key>
				<array>
					<string>E4EB691F138AFCF100A09F29</string>
					<string>E4328143138ABC890047C5CB</string>
				</array>
				<key>isa</key>
				<string>PBXGroup</string>
				<key>name</key>
				<string>openFrameworks</string>
				<key>sourceTree</key>
				<string>&lt;group&gt;</string>
			</dict>
		</dict>
		<key>rootObject</key>
		<string>E4B69B4C0A3A1720003C02F2</string>
	</dict>
</plist>
